
Microsoft Visual Studio Solution File, Format Version 12.00
# Visual Studio 15
VisualStudioVersion = 15.0.28307.1622
MinimumVisualStudioVersion = 10.0.40219.1
Project("{FAE04EC0-301F-11D3-BF4B-00C04F79EFBC}") = "SHOPSON", "SHOPSON\SHOPSON.csproj", "{93CA5733-3A43-43F7-8444-F6302C300EF6}"
EndProject
Project("{FAE04EC0-301F-11D3-BF4B-00C04F79EFBC}") = "API", "API\API.csproj", "{A89175AF-028D-4D4C-AF99-B63A1FCCD812}"
EndProject
Global
	GlobalSection(SolutionConfigurationPlatforms) = preSolution
		Debug|Any CPU = Debug|Any CPU
		Release|Any CPU = Release|Any CPU
	EndGlobalSection
	GlobalSection(ProjectConfigurationPlatforms) = postSolution
		{93CA5733-3A43-43F7-8444-F6302C300EF6}.Debug|Any CPU.ActiveCfg = Debug|Any CPU
		{93CA5733-3A43-43F7-8444-F6302C300EF6}.Debug|Any CPU.Build.0 = Debug|Any CPU
		{93CA5733-3A43-43F7-8444-F6302C300EF6}.Release|Any CPU.ActiveCfg = Release|Any CPU
		{93CA5733-3A43-43F7-8444-F6302C300EF6}.Release|Any CPU.Build.0 = Release|Any CPU
		{A89175AF-028D-4D4C-AF99-B63A1FCCD812}.Debug|Any CPU.ActiveCfg = Debug|Any CPU
		{A89175AF-028D-4D4C-AF99-B63A1FCCD812}.Debug|Any CPU.Build.0 = Debug|Any CPU
		{A89175AF-028D-4D4C-AF99-B63A1FCCD812}.Release|Any CPU.ActiveCfg = Release|Any CPU
		{A89175AF-028D-4D4C-AF99-B63A1FCCD812}.Release|Any CPU.Build.0 = Release|Any CPU
	EndGlobalSection
	GlobalSection(SolutionProperties) = preSolution
		HideSolutionNode = FALSE
	EndGlobalSection
	GlobalSection(ExtensibilityGlobals) = postSolution
		SolutionGuid = {24AD23F9-BF81-44BB-B5EF-6D5668108895}
	EndGlobalSection
EndGlobal
